
Microsoft Visual Studio Solution File, Format Version 12.00
# Visual Studio Version 16
VisualStudioVersion = 16.0.33927.289
MinimumVisualStudioVersion = 10.0.40219.1
Project("{FAE04EC0-301F-11D3-BF4B-00C04F79EFBC}") = "ConsoleApp1", "ConsoleApp1.csproj", "{6937EB77-1A1E-4C75-BEA1-A5DF162826FB}"
EndProject
Global
	GlobalSection(SolutionConfigurationPlatforms) = preSolution
		Debug|Any CPU = Debug|Any CPU
		Release|Any CPU = Release|Any CPU
	EndGlobalSection
	GlobalSection(ProjectConfigurationPlatforms) = postSolution
		{6937EB77-1A1E-4C75-BEA1-A5DF162826FB}.Debug|Any CPU.ActiveCfg = Debug|Any CPU
		{6937EB77-1A1E-4C75-BEA1-A5DF162826FB}.Debug|Any CPU.Build.0 = Debug|Any CPU
		{6937EB77-1A1E-4C75-BEA1-A5DF162826FB}.Release|Any CPU.ActiveCfg = Release|Any CPU
		{6937EB77-1A1E-4C75-BEA1-A5DF162826FB}.Release|Any CPU.Build.0 = Release|Any CPU
	EndGlobalSection
	GlobalSection(SolutionProperties) = preSolution
		HideSolutionNode = FALSE
	EndGlobalSection
	GlobalSection(ExtensibilityGlobals) = postSolution
		SolutionGuid = {8B334CE2-DC1E-45F5-8580-510829E2A53A}
	EndGlobalSection
EndGlobal
